{
  "version": 4,
  "terraform_version": "1.6.0",
  "serial": 42,
  "lineage": "abc123-def456",
  "outputs": {},
  "resources": [
    {
      "mode": "managed",
      "type": "aws_instance",
      "name": "web_server",
      "provider": "provider[\"registry.terraform.io/hashicorp/aws\"]",
      "instances": [
        {
          "schema_version": 1,
          "attributes": {
            "id": "i-0abc1234567890def",
            "ami": "ami-0c55b159cbfafe1f0",
            "instance_type": "t2.micro",
            "subnet_id": "subnet-0a1b2c3d4e5f67890",
            "key_name": "my-keypair",
            "associate_public_ip_address": false,
            "monitoring": false,
            "iam_instance_profile": "",
            "vpc_security_group_ids": ["sg-0111aaa222bbb333c", "sg-0444ddd555eee666f"],
            "ebs_optimized": false,
            "root_block_device": [
              {
                "volume_size": 8,
                "volume_type": "gp2"
              }
            ],
            "tags": {
              "Name": "web-server",
              "env": "production",
              "Owner": "platform-team"
            }
          }
        }
      ]
    },
    {
      "mode": "managed",
      "type": "aws_vpc",
      "name": "main",
      "provider": "provider[\"registry.terraform.io/hashicorp/aws\"]",
      "instances": [
        {
          "schema_version": 1,
          "attributes": {
            "id": "vpc-0a1b2c3d4e5f67890",
            "cidr_block": "10.0.0.0/16",
            "instance_tenancy": "default",
            "enable_dns_support": true,
            "enable_dns_hostnames": true,
            "tags": {
              "Name": "main-vpc",
              "env": "production"
            }
          }
        }
      ]
    },
    {
      "mode": "managed",
      "type": "aws_subnet",
      "name": "public",
      "provider": "provider[\"registry.terraform.io/hashicorp/aws\"]",
      "instances": [
        {
          "schema_version": 1,
          "attributes": {
            "id": "subnet-0a1b2c3d4e5f67890",
            "vpc_id": "vpc-0a1b2c3d4e5f67890",
            "cidr_block": "10.0.1.0/24",
            "availability_zone": "us-east-1a",
            "map_public_ip_on_launch": false,
            "tags": {
              "Name": "public-subnet",
              "env": "production"
            }
          }
        }
      ]
    },
    {
      "mode": "managed",
      "type": "aws_security_group",
      "name": "web_sg",
      "provider": "provider[\"registry.terraform.io/hashicorp/aws\"]",
      "instances": [
        {
          "schema_version": 1,
          "attributes": {
            "id": "sg-0111aaa222bbb333c",
            "name": "web-sg",
            "description": "Security group for web servers",
            "vpc_id": "vpc-0a1b2c3d4e5f67890",
            "ingress": [
              {
                "protocol": "tcp",
                "from_port": 443,
                "to_port": 443,
                "cidr_blocks": ["0.0.0.0/0"],
                "ipv6_cidr_blocks": [],
                "security_groups": []
              },
              {
                "protocol": "tcp",
                "from_port": 80,
                "to_port": 80,
                "cidr_blocks": ["0.0.0.0/0"],
                "ipv6_cidr_blocks": [],
                "security_groups": []
              }
            ],
            "egress": [
              {
                "protocol": "-1",
                "from_port": 0,
                "to_port": 0,
                "cidr_blocks": ["0.0.0.0/0"],
                "ipv6_cidr_blocks": [],
                "security_groups": []
              }
            ],
            "tags": {
              "Name": "web-sg",
              "env": "production"
            }
          }
        }
      ]
    },
    {
      "mode": "managed",
      "type": "aws_s3_bucket",
      "name": "app_data",
      "provider": "provider[\"registry.terraform.io/hashicorp/aws\"]",
      "instances": [
        {
          "schema_version": 0,
          "attributes": {
            "id": "my-app-data-bucket",
            "bucket": "my-app-data-bucket",
            "versioning": [
              {
                "enabled": true,
                "mfa_delete": false
              }
            ],
            "server_side_encryption_configuration": [
              {
                "rule": [
                  {
                    "apply_server_side_encryption_by_default": [
                      {
                        "sse_algorithm": "AES256",
                        "kms_master_key_id": ""
                      }
                    ]
                  }
                ]
              }
            ],
            "logging": [],
            "tags": {
              "Name": "app-data",
              "env": "production",
              "CostCenter": "engineering"
            }
          }
        }
      ]
    },
    {
      "mode": "data",
      "type": "aws_availability_zones",
      "name": "available",
      "provider": "provider[\"registry.terraform.io/hashicorp/aws\"]",
      "instances": [
        {
          "schema_version": 0,
          "attributes": {
            "id": "us-east-1",
            "names": ["us-east-1a", "us-east-1b", "us-east-1c"]
          }
        }
      ]
    }
  ]
}
